
Microsoft Visual Studio Solution File, Format Version 12.00
# Visual Studio 14
VisualStudioVersion = 14.0.25420.1
MinimumVisualStudioVersion = 10.0.40219.1
Project("{8BC9CEB8-8B4A-11D0-8D11-00A0C91BC942}") = "AI_SDL_Win", "AI_SDL_Win.vcxproj", "{3EB713A7-66E6-4D1C-8686-728C82C60090}"
EndProject
Global
	GlobalSection(SolutionConfigurationPlatforms) = preSolution
		Debug|x64 = Debug|x64
		Debug|x86 = Debug|x86
		Release|x64 = Release|x64
		Release|x86 = Release|x86
	EndGlobalSection
	GlobalSection(ProjectConfigurationPlatforms) = postSolution
		{3EB713A7-66E6-4D1C-8686-728C82C60090}.Debug|x64.ActiveCfg = Debug|x64
		{3EB713A7-66E6-4D1C-8686-728C82C60090}.Debug|x64.Build.0 = Debug|x64
		{3EB713A7-66E6-4D1C-8686-728C82C60090}.Debug|x86.ActiveCfg = Debug|Win32
		{3EB713A7-66E6-4D1C-8686-728C82C60090}.Debug|x86.Build.0 = Debug|Win32
		{3EB713A7-66E6-4D1C-8686-728C82C60090}.Release|x64.ActiveCfg = Release|x64
		{3EB713A7-66E6-4D1C-8686-728C82C60090}.Release|x64.Build.0 = Release|x64
		{3EB713A7-66E6-4D1C-8686-728C82C60090}.Release|x86.ActiveCfg = Release|Win32
		{3EB713A7-66E6-4D1C-8686-728C82C60090}.Release|x86.Build.0 = Release|Win32
	EndGlobalSection
	GlobalSection(SolutionProperties) = preSolution
		HideSolutionNode = FALSE
	EndGlobalSection
	GlobalSection(ExtensibilityGlobals) = postSolution
		SolutionGuid = {264017D6-C7A9-41D3-BCC3-1F495521B772}
	EndGlobalSection
EndGlobal
